
Microsoft Visual Studio Solution File, Format Version 12.00
# Visual Studio 2013
VisualStudioVersion = 12.0.21005.1
MinimumVisualStudioVersion = 10.0.40219.1
Project("{8BC9CEB8-8B4A-11D0-8D11-00A0C91BC942}") = "libDLL", "libDLL\libDLL.vcxproj", "{F635D56C-8448-45DE-8E43-1A4FED709B38}"
EndProject
Project("{8BC9CEB8-8B4A-11D0-8D11-00A0C91BC942}") = "ndg", "ndg\ndg.vcxproj", "{73AFD6B4-92C3-476D-9E44-A0163C902F86}"
EndProject
Project("{8BC9CEB8-8B4A-11D0-8D11-00A0C91BC942}") = "Pieces", "Pieces\Pieces.vcxproj", "{FDBDB087-36C1-4B58-9F3B-CA6BAC4D4EA7}"
EndProject
Global
	GlobalSection(SolutionConfigurationPlatforms) = preSolution
		Debug|Win32 = Debug|Win32
		Release|Win32 = Release|Win32
	EndGlobalSection
	GlobalSection(ProjectConfigurationPlatforms) = postSolution
		{F635D56C-8448-45DE-8E43-1A4FED709B38}.Debug|Win32.ActiveCfg = Debug|Win32
		{F635D56C-8448-45DE-8E43-1A4FED709B38}.Debug|Win32.Build.0 = Debug|Win32
		{F635D56C-8448-45DE-8E43-1A4FED709B38}.Release|Win32.ActiveCfg = Release|Win32
		{F635D56C-8448-45DE-8E43-1A4FED709B38}.Release|Win32.Build.0 = Release|Win32
		{73AFD6B4-92C3-476D-9E44-A0163C902F86}.Debug|Win32.ActiveCfg = Debug|Win32
		{73AFD6B4-92C3-476D-9E44-A0163C902F86}.Debug|Win32.Build.0 = Debug|Win32
		{73AFD6B4-92C3-476D-9E44-A0163C902F86}.Release|Win32.ActiveCfg = Release|Win32
		{73AFD6B4-92C3-476D-9E44-A0163C902F86}.Release|Win32.Build.0 = Release|Win32
		{FDBDB087-36C1-4B58-9F3B-CA6BAC4D4EA7}.Debug|Win32.ActiveCfg = Debug|Win32
		{FDBDB087-36C1-4B58-9F3B-CA6BAC4D4EA7}.Debug|Win32.Build.0 = Debug|Win32
		{FDBDB087-36C1-4B58-9F3B-CA6BAC4D4EA7}.Release|Win32.ActiveCfg = Release|Win32
		{FDBDB087-36C1-4B58-9F3B-CA6BAC4D4EA7}.Release|Win32.Build.0 = Release|Win32
	EndGlobalSection
	GlobalSection(SolutionProperties) = preSolution
		HideSolutionNode = FALSE
	EndGlobalSection
EndGlobal
